PODS:
  - lottie-ios (4.6.0)
  - SQLite.swift (0.15.5):
    - SQLite.swift/standard (= 0.15.5)
  - SQLite.swift/standard (0.15.5)

DEPENDENCIES:
  - lottie-ios (~> 4.4)
  - SQLite.swift (~> 0.15.3)

SPEC REPOS:
  trunk:
    - lottie-ios
    - SQLite.swift

SPEC CHECKSUMS:
  lottie-ios: 8f959969761e9c45d70353667d00af0e5b9cadb3
  SQLite.swift: c38c92f61436f1a4053029550edb1ef7caa2a2cd

PODFILE CHECKSUM: 68a68c105f7e454a42aecdecdc55c3c6ee1061cc

COCOAPODS: 1.16.2
